
Microsoft Visual Studio Solution File, Format Version 12.00
# Visual Studio Version 16
VisualStudioVersion = 16.0.32510.428
MinimumVisualStudioVersion = 10.0.40219.1
Project("{FAE04EC0-301F-11D3-BF4B-00C04F79EFBC}") = "HCM", "HCM\HCM.csproj", "{919D6358-D88E-4D5F-95E7-D14CD083FEE9}"
EndProject
Global
	GlobalSection(SolutionConfigurationPlatforms) = preSolution
		Debug|Any CPU = Debug|Any CPU
		Release|Any CPU = Release|Any CPU
	EndGlobalSection
	GlobalSection(ProjectConfigurationPlatforms) = postSolution
		{919D6358-D88E-4D5F-95E7-D14CD083FEE9}.Debug|Any CPU.ActiveCfg = Debug|Any CPU
		{919D6358-D88E-4D5F-95E7-D14CD083FEE9}.Debug|Any CPU.Build.0 = Debug|Any CPU
		{919D6358-D88E-4D5F-95E7-D14CD083FEE9}.Release|Any CPU.ActiveCfg = Release|Any CPU
		{919D6358-D88E-4D5F-95E7-D14CD083FEE9}.Release|Any CPU.Build.0 = Release|Any CPU
	EndGlobalSection
	GlobalSection(SolutionProperties) = preSolution
		HideSolutionNode = FALSE
	EndGlobalSection
	GlobalSection(ExtensibilityGlobals) = postSolution
		SolutionGuid = {6EF013F8-A543-44F1-804E-D8B99AE2ACB2}
	EndGlobalSection
EndGlobal
